// !$*UTF8*$!
{
	archiveVersion = 1;
	classes = {
	};
	objectVersion = 52;
	objects = {

/* Begin PBXBuildFile section */
		230E34F9250A349300404209 /* SnapshotTests.swift in Sources */ = {isa = PBXBuildFile; fileRef = 230E34F8250A349300404209 /* SnapshotTests.swift */; };
		230E3502250A359100404209 /* SnapshotTesting in Frameworks */ = {isa = PBXBuildFile; platformFilter = ios; productRef = 230E3501250A359100404209 /* SnapshotTesting */; };
		2340339F2529DDCA009ED17D /* FoodMenuApp.swift in Sources */ = {isa = PBXBuildFile; fileRef = 2340339E2529DDCA009ED17D /* FoodMenuApp.swift */; };
		234034002529E3A2009ED17D /* WateringPlantApp in Frameworks */ = {isa = PBXBuildFile; productRef = 234033FF2529E3A2009ED17D /* WateringPlantApp */; };
		234034302529E684009ED17D /* GoodreadsApp in Frameworks */ = {isa = PBXBuildFile; productRef = 2340342F2529E684009ED17D /* GoodreadsApp */; };
		234034392529E6F1009ED17D /* SimpleWeatherApp in Frameworks */ = {isa = PBXBuildFile; productRef = 234034382529E6F1009ED17D /* SimpleWeatherApp */; };
		23A6656724F3F98B00EA77EE /* AppPickerView.swift in Sources */ = {isa = PBXBuildFile; fileRef = 23A6656624F3F98B00EA77EE /* AppPickerView.swift */; };
		23EE177C24F2792E00D182D8 /* PixelPerfectApp.swift in Sources */ = {isa = PBXBuildFile; fileRef = 23EE176924F2792D00D182D8 /* PixelPerfectApp.swift */; };
		23EE178024F2792E00D182D8 /* Assets.xcassets in Resources */ = {isa = PBXBuildFile; fileRef = 23EE176B24F2792D00D182D8 /* Assets.xcassets */; };
		C75876031D8B4D3C48AE421B /* JoinedText in Frameworks */ = {isa = PBXBuildFile; productRef = 7709B7D68C93726308B3B57A /* JoinedText */; };
/* End PBXBuildFile section */

/* Begin PBXContainerItemProxy section */
		230E34FB250A349300404209 /* PBXContainerItemProxy */ = {
			isa = PBXContainerItemProxy;
			containerPortal = 23EE176424F2792D00D182D8 /* Project object */;
			proxyType = 1;
			remoteGlobalIDString = 23EE176F24F2792E00D182D8;
			remoteInfo = "PixelPerfect (iOS)";
		};
/* End PBXContainerItemProxy section */

/* Begin PBXCopyFilesBuildPhase section */
		234033C92529E036009ED17D /* Embed Frameworks */ = {
			isa = PBXCopyFilesBuildPhase;
			buildActionMask = 2147483647;
			dstPath = "";
			dstSubfolderSpec = 10;
			files = (
			);
			name = "Embed Frameworks";
			runOnlyForDeploymentPostprocessing = 0;
		};
/* End PBXCopyFilesBuildPhase section */

/* Begin PBXFileReference section */
		230E34F1250A2D9C00404209 /* README.md */ = {isa = PBXFileReference; lastKnownFileType = net.daringfireball.markdown; path = README.md; sourceTree = "<group>"; };
		230E34F6250A349300404209 /* SnapshotTests.xctest */ = {isa = PBXFileReference; explicitFileType = wrapper.cfbundle; includeInIndex = 0; path = SnapshotTests.xctest; sourceTree = BUILT_PRODUCTS_DIR; };
		230E34F8250A349300404209 /* SnapshotTests.swift */ = {isa = PBXFileReference; lastKnownFileType = sourcecode.swift; path = SnapshotTests.swift; sourceTree = "<group>"; };
		230E34FA250A349300404209 /* Info.plist */ = {isa = PBXFileReference; lastKnownFileType = text.plist.xml; path = Info.plist; sourceTree = "<group>"; };
		2340339E2529DDCA009ED17D /* FoodMenuApp.swift */ = {isa = PBXFileReference; lastKnownFileType = sourcecode.swift; path = FoodMenuApp.swift; sourceTree = "<group>"; };
		234033EB2529E260009ED17D /* WateringPlantApp */ = {isa = PBXFileReference; lastKnownFileType = folder; path = WateringPlantApp; sourceTree = "<group>"; };
		234034112529E46E009ED17D /* PixelPerfectCore */ = {isa = PBXFileReference; lastKnownFileType = folder; path = PixelPerfectCore; sourceTree = "<group>"; };
		234034222529E5B1009ED17D /* GoodreadsApp */ = {isa = PBXFileReference; lastKnownFileType = folder; path = GoodreadsApp; sourceTree = "<group>"; };
		234034332529E6C7009ED17D /* SimpleWeatherApp */ = {isa = PBXFileReference; lastKnownFileType = folder; path = SimpleWeatherApp; sourceTree = "<group>"; };
		23A6656624F3F98B00EA77EE /* AppPickerView.swift */ = {isa = PBXFileReference; lastKnownFileType = sourcecode.swift; path = AppPickerView.swift; sourceTree = "<group>"; };
		23EE176924F2792D00D182D8 /* PixelPerfectApp.swift */ = {isa = PBXFileReference; lastKnownFileType = sourcecode.swift; path = PixelPerfectApp.swift; sourceTree = "<group>"; };
		23EE176B24F2792D00D182D8 /* Assets.xcassets */ = {isa = PBXFileReference; lastKnownFileType = folder.assetcatalog; path = Assets.xcassets; sourceTree = "<group>"; };
		23EE177024F2792E00D182D8 /* PixelPerfect.app */ = {isa = PBXFileReference; explicitFileType = wrapper.application; includeInIndex = 0; path = PixelPerfect.app; sourceTree = BUILT_PRODUCTS_DIR; };
		23EE177324F2792E00D182D8 /* Info.plist */ = {isa = PBXFileReference; lastKnownFileType = text.plist.xml; path = Info.plist; sourceTree = "<group>"; };
/* End PBXFileReference section */

/* Begin PBXFrameworksBuildPhase section */
		230E34F3250A349300404209 /* Frameworks */ = {
			isa = PBXFrameworksBuildPhase;
			buildActionMask = 2147483647;
			files = (
				230E3502250A359100404209 /* SnapshotTesting in Frameworks */,
			);
			runOnlyForDeploymentPostprocessing = 0;
		};
		23EE176D24F2792E00D182D8 /* Frameworks */ = {
			isa = PBXFrameworksBuildPhase;
			buildActionMask = 2147483647;
			files = (
				234034002529E3A2009ED17D /* WateringPlantApp in Frameworks */,
				C75876031D8B4D3C48AE421B /* JoinedText in Frameworks */,
				234034302529E684009ED17D /* GoodreadsApp in Frameworks */,
				234034392529E6F1009ED17D /* SimpleWeatherApp in Frameworks */,
			);
			runOnlyForDeploymentPostprocessing = 0;
		};
/* End PBXFrameworksBuildPhase section */

/* Begin PBXGroup section */
		230E34F0250A2CC700404209 /* App Picker */ = {
			isa = PBXGroup;
			children = (
				23A6656624F3F98B00EA77EE /* AppPickerView.swift */,
			);
			path = "App Picker";
			sourceTree = "<group>";
		};
		230E34F7250A349300404209 /* SnapshotTests */ = {
			isa = PBXGroup;
			children = (
				230E34F8250A349300404209 /* SnapshotTests.swift */,
				230E34FA250A349300404209 /* Info.plist */,
			);
			path = SnapshotTests;
			sourceTree = "<group>";
		};
		234033952529DD91009ED17D /* Food Menu */ = {
			isa = PBXGroup;
			children = (
				2340339E2529DDCA009ED17D /* FoodMenuApp.swift */,
			);
			path = "Food Menu";
			sourceTree = "<group>";
		};
		234033FE2529E3A2009ED17D /* Frameworks */ = {
			isa = PBXGroup;
			children = (
			);
			name = Frameworks;
			sourceTree = "<group>";
		};
		2340344D2529E88A009ED17D /* iOS */ = {
			isa = PBXGroup;
			children = (
				23EE177324F2792E00D182D8 /* Info.plist */,
			);
			path = iOS;
			sourceTree = "<group>";
		};
		23BEDED224F3CDDE0043FC8E /* Apps */ = {
			isa = PBXGroup;
			children = (
				234033952529DD91009ED17D /* Food Menu */,
			);
			path = Apps;
			sourceTree = "<group>";
		};
		23EE176324F2792D00D182D8 = {
			isa = PBXGroup;
			children = (
				230E34F1250A2D9C00404209 /* README.md */,
				23EE176824F2792D00D182D8 /* Shared */,
				23F748BA252A351500900118 /* Apps */,
				23F748BE252A356300900118 /* Packages */,
				2340344D2529E88A009ED17D /* iOS */,
				230E34F7250A349300404209 /* SnapshotTests */,
				23EE177124F2792E00D182D8 /* Products */,
				234033FE2529E3A2009ED17D /* Frameworks */,
			);
			sourceTree = "<group>";
		};
		23EE176824F2792D00D182D8 /* Shared */ = {
			isa = PBXGroup;
			children = (
				230E34F0250A2CC700404209 /* App Picker */,
				23BEDED224F3CDDE0043FC8E /* Apps */,
				23EE179624F2ABA200D182D8 /* Extensions */,
				23EE179124F2A94C00D182D8 /* Common Views */,
				23EE176924F2792D00D182D8 /* PixelPerfectApp.swift */,
				23EE176B24F2792D00D182D8 /* Assets.xcassets */,
			);
			path = Shared;
			sourceTree = "<group>";
		};
		23EE177124F2792E00D182D8 /* Products */ = {
			isa = PBXGroup;
			children = (
				23EE177024F2792E00D182D8 /* PixelPerfect.app */,
				230E34F6250A349300404209 /* SnapshotTests.xctest */,
			);
			name = Products;
			sourceTree = "<group>";
		};
		23EE179124F2A94C00D182D8 /* Common Views */ = {
			isa = PBXGroup;
			children = (
			);
			path = "Common Views";
			sourceTree = "<group>";
		};
		23EE179624F2ABA200D182D8 /* Extensions */ = {
			isa = PBXGroup;
			children = (
			);
			path = Extensions;
			sourceTree = "<group>";
		};
		23F748BA252A351500900118 /* Apps */ = {
			isa = PBXGroup;
			children = (
				234034332529E6C7009ED17D /* SimpleWeatherApp */,
				234034222529E5B1009ED17D /* GoodreadsApp */,
				234033EB2529E260009ED17D /* WateringPlantApp */,
			);
			path = Apps;
			sourceTree = "<group>";
		};
		23F748BE252A356300900118 /* Packages */ = {
			isa = PBXGroup;
			children = (
				234034112529E46E009ED17D /* PixelPerfectCore */,
			);
			path = Packages;
			sourceTree = "<group>";
		};
/* End PBXGroup section */

/* Begin PBXNativeTarget section */
		230E34F5250A349300404209 /* SnapshotTests */ = {
			isa = PBXNativeTarget;
			buildConfigurationList = 230E34FF250A349300404209 /* Build configuration list for PBXNativeTarget "SnapshotTests" */;
			buildPhases = (
				230E34F2250A349300404209 /* Sources */,
				230E34F3250A349300404209 /* Frameworks */,
				230E34F4250A349300404209 /* Resources */,
			);
			buildRules = (
			);
			dependencies = (
				230E34FC250A349300404209 /* PBXTargetDependency */,
			);
			name = SnapshotTests;
			packageProductDependencies = (
				230E3501250A359100404209 /* SnapshotTesting */,
			);
			productName = SnapshotTests;
			productReference = 230E34F6250A349300404209 /* SnapshotTests.xctest */;
			productType = "com.apple.product-type.bundle.unit-test";
		};
		23EE176F24F2792E00D182D8 /* PixelPerfect (iOS) */ = {
			isa = PBXNativeTarget;
			buildConfigurationList = 23EE178424F2792E00D182D8 /* Build configuration list for PBXNativeTarget "PixelPerfect (iOS)" */;
			buildPhases = (
				23EE176C24F2792E00D182D8 /* Sources */,
				23EE176D24F2792E00D182D8 /* Frameworks */,
				23EE176E24F2792E00D182D8 /* Resources */,
				234033C92529E036009ED17D /* Embed Frameworks */,
			);
			buildRules = (
			);
			dependencies = (
			);
			name = "PixelPerfect (iOS)";
			packageProductDependencies = (
				7709B7D68C93726308B3B57A /* JoinedText */,
				234033FF2529E3A2009ED17D /* WateringPlantApp */,
				2340342F2529E684009ED17D /* GoodreadsApp */,
				234034382529E6F1009ED17D /* SimpleWeatherApp */,
			);
			productName = "PixelPerfect (iOS)";
			productReference = 23EE177024F2792E00D182D8 /* PixelPerfect.app */;
			productType = "com.apple.product-type.application";
		};
/* End PBXNativeTarget section */

/* Begin PBXProject section */
		23EE176424F2792D00D182D8 /* Project object */ = {
			isa = PBXProject;
			attributes = {
				LastSwiftUpdateCheck = 1200;
				LastUpgradeCheck = 1200;
				TargetAttributes = {
					230E34F5250A349300404209 = {
						CreatedOnToolsVersion = 12.0;
						TestTargetID = 23EE176F24F2792E00D182D8;
					};
					23EE176F24F2792E00D182D8 = {
						CreatedOnToolsVersion = 12.0;
					};
				};
			};
			buildConfigurationList = 23EE176724F2792D00D182D8 /* Build configuration list for PBXProject "PixelPerfect" */;
			compatibilityVersion = "Xcode 9.3";
			developmentRegion = en;
			hasScannedForEncodings = 0;
			knownRegions = (
				en,
				Base,
			);
			mainGroup = 23EE176324F2792D00D182D8;
			packageReferences = (
				230E3500250A359100404209 /* XCRemoteSwiftPackageReference "swift-snapshot-testing" */,
				68C5BCBF22A01629B208414F /* XCRemoteSwiftPackageReference "JoinedText" */,
			);
			productRefGroup = 23EE177124F2792E00D182D8 /* Products */;
			projectDirPath = "";
			projectRoot = "";
			targets = (
				23EE176F24F2792E00D182D8 /* PixelPerfect (iOS) */,
				230E34F5250A349300404209 /* SnapshotTests */,
			);
		};
/* End PBXProject section */

/* Begin PBXResourcesBuildPhase section */
		230E34F4250A349300404209 /* Resources */ = {
			isa = PBXResourcesBuildPhase;
			buildActionMask = 2147483647;
			files = (
			);
			runOnlyForDeploymentPostprocessing = 0;
		};
		23EE176E24F2792E00D182D8 /* Resources */ = {
			isa = PBXResourcesBuildPhase;
			buildActionMask = 2147483647;
			files = (
				23EE178024F2792E00D182D8 /* Assets.xcassets in Resources */,
			);
			runOnlyForDeploymentPostprocessing = 0;
		};
/* End PBXResourcesBuildPhase section */

/* Begin PBXSourcesBuildPhase section */
		230E34F2250A349300404209 /* Sources */ = {
			isa = PBXSourcesBuildPhase;
			buildActionMask = 2147483647;
			files = (
				230E34F9250A349300404209 /* SnapshotTests.swift in Sources */,
			);
			runOnlyForDeploymentPostprocessing = 0;
		};
		23EE176C24F2792E00D182D8 /* Sources */ = {
			isa = PBXSourcesBuildPhase;
			buildActionMask = 2147483647;
			files = (
				23A6656724F3F98B00EA77EE /* AppPickerView.swift in Sources */,
				23EE177C24F2792E00D182D8 /* PixelPerfectApp.swift in Sources */,
				2340339F2529DDCA009ED17D /* FoodMenuApp.swift in Sources */,
			);
			runOnlyForDeploymentPostprocessing = 0;
		};
/* End PBXSourcesBuildPhase section */

/* Begin PBXTargetDependency section */
		230E34FC250A349300404209 /* PBXTargetDependency */ = {
			isa = PBXTargetDependency;
			target = 23EE176F24F2792E00D182D8 /* PixelPerfect (iOS) */;
			targetProxy = 230E34FB250A349300404209 /* PBXContainerItemProxy */;
		};
/* End PBXTargetDependency section */

/* Begin XCBuildConfiguration section */
		230E34FD250A349300404209 /* Debug */ = {
			isa = XCBuildConfiguration;
			buildSettings = {
				BUNDLE_LOADER = "$(TEST_HOST)";
				CODE_SIGN_STYLE = Automatic;
				DEVELOPMENT_TEAM = 35X2XDKBD7;
				INFOPLIST_FILE = SnapshotTests/Info.plist;
				IPHONEOS_DEPLOYMENT_TARGET = 14.0;
				LD_RUNPATH_SEARCH_PATHS = (
					"$(inherited)",
					"@executable_path/Frameworks",
					"@loader_path/Frameworks",
				);
				PRODUCT_BUNDLE_IDENTIFIER = me.thanel.SnapshotTests;
				PRODUCT_NAME = "$(TARGET_NAME)";
				SDKROOT = iphoneos;
				SWIFT_VERSION = 5.0;
				TARGETED_DEVICE_FAMILY = "1,2";
				TEST_HOST = "$(BUILT_PRODUCTS_DIR)/PixelPerfect.app/PixelPerfect";
			};
			name = Debug;
		};
		230E34FE250A349300404209 /* Release */ = {
			isa = XCBuildConfiguration;
			buildSettings = {
				BUNDLE_LOADER = "$(TEST_HOST)";
				CODE_SIGN_STYLE = Automatic;
				DEVELOPMENT_TEAM = 35X2XDKBD7;
				INFOPLIST_FILE = SnapshotTests/Info.plist;
				IPHONEOS_DEPLOYMENT_TARGET = 14.0;
				LD_RUNPATH_SEARCH_PATHS = (
					"$(inherited)",
					"@executable_path/Frameworks",
					"@loader_path/Frameworks",
				);
				PRODUCT_BUNDLE_IDENTIFIER = me.thanel.SnapshotTests;
				PRODUCT_NAME = "$(TARGET_NAME)";
				SDKROOT = iphoneos;
				SWIFT_VERSION = 5.0;
				TARGETED_DEVICE_FAMILY = "1,2";
				TEST_HOST = "$(BUILT_PRODUCTS_DIR)/PixelPerfect.app/PixelPerfect";
				VALIDATE_PRODUCT = YES;
			};
			name = Release;
		};
		23EE178224F2792E00D182D8 /* Debug */ = {
			isa = XCBuildConfiguration;
			buildSettings = {
				ALWAYS_SEARCH_USER_PATHS = NO;
				CLANG_ANALYZER_NONNULL = YES;
				CLANG_ANALYZER_NUMBER_OBJECT_CONVERSION = YES_AGGRESSIVE;
				CLANG_CXX_LANGUAGE_STANDARD = "gnu++14";
				CLANG_CXX_LIBRARY = "libc++";
				CLANG_ENABLE_MODULES = YES;
				CLANG_ENABLE_OBJC_ARC = YES;
				CLANG_ENABLE_OBJC_WEAK = YES;
				CLANG_WARN_BLOCK_CAPTURE_AUTORELEASING = YES;
				CLANG_WARN_BOOL_CONVERSION = YES;
				CLANG_WARN_COMMA = YES;
				CLANG_WARN_CONSTANT_CONVERSION = YES;
				CLANG_WARN_DEPRECATED_OBJC_IMPLEMENTATIONS = YES;
				CLANG_WARN_DIRECT_OBJC_ISA_USAGE = YES_ERROR;
				CLANG_WARN_DOCUMENTATION_COMMENTS = YES;
				CLANG_WARN_EMPTY_BODY = YES;
				CLANG_WARN_ENUM_CONVERSION = YES;
				CLANG_WARN_INFINITE_RECURSION = YES;
				CLANG_WARN_INT_CONVERSION = YES;
				CLANG_WARN_NON_LITERAL_NULL_CONVERSION = YES;
				CLANG_WARN_OBJC_IMPLICIT_RETAIN_SELF = YES;
				CLANG_WARN_OBJC_LITERAL_CONVERSION = YES;
				CLANG_WARN_OBJC_ROOT_CLASS = YES_ERROR;
				CLANG_WARN_QUOTED_INCLUDE_IN_FRAMEWORK_HEADER = YES;
				CLANG_WARN_RANGE_LOOP_ANALYSIS = YES;
				CLANG_WARN_STRICT_PROTOTYPES = YES;
				CLANG_WARN_SUSPICIOUS_MOVE = YES;
				CLANG_WARN_UNGUARDED_AVAILABILITY = YES_AGGRESSIVE;
				CLANG_WARN_UNREACHABLE_CODE = YES;
				CLANG_WARN__DUPLICATE_METHOD_MATCH = YES;
				COPY_PHASE_STRIP = NO;
				DEBUG_INFORMATION_FORMAT = dwarf;
				ENABLE_STRICT_OBJC_MSGSEND = YES;
				ENABLE_TESTABILITY = YES;
				GCC_C_LANGUAGE_STANDARD = gnu11;
				GCC_DYNAMIC_NO_PIC = NO;
				GCC_NO_COMMON_BLOCKS = YES;
				GCC_OPTIMIZATION_LEVEL = 0;
				GCC_PREPROCESSOR_DEFINITIONS = (
					"DEBUG=1",
					"$(inherited)",
				);
				GCC_WARN_64_TO_32_BIT_CONVERSION = YES;
				GCC_WARN_ABOUT_RETURN_TYPE = YES_ERROR;
				GCC_WARN_UNDECLARED_SELECTOR = YES;
				GCC_WARN_UNINITIALIZED_AUTOS = YES_AGGRESSIVE;
				GCC_WARN_UNUSED_FUNCTION = YES;
				GCC_WARN_UNUSED_VARIABLE = YES;
				MTL_ENABLE_DEBUG_INFO = INCLUDE_SOURCE;
				MTL_FAST_MATH = YES;
				ONLY_ACTIVE_ARCH = YES;
				SWIFT_ACTIVE_COMPILATION_CONDITIONS = DEBUG;
				SWIFT_OPTIMIZATION_LEVEL = "-Onone";
			};
			name = Debug;
		};
		23EE178324F2792E00D182D8 /* Release */ = {
			isa = XCBuildConfiguration;
			buildSettings = {
				ALWAYS_SEARCH_USER_PATHS = NO;
				CLANG_ANALYZER_NONNULL = YES;
				CLANG_ANALYZER_NUMBER_OBJECT_CONVERSION = YES_AGGRESSIVE;
				CLANG_CXX_LANGUAGE_STANDARD = "gnu++14";
				CLANG_CXX_LIBRARY = "libc++";
				CLANG_ENABLE_MODULES = YES;
				CLANG_ENABLE_OBJC_ARC = YES;
				CLANG_ENABLE_OBJC_WEAK = YES;
				CLANG_WARN_BLOCK_CAPTURE_AUTORELEASING = YES;
				CLANG_WARN_BOOL_CONVERSION = YES;
				CLANG_WARN_COMMA = YES;
				CLANG_WARN_CONSTANT_CONVERSION = YES;
				CLANG_WARN_DEPRECATED_OBJC_IMPLEMENTATIONS = YES;
				CLANG_WARN_DIRECT_OBJC_ISA_USAGE = YES_ERROR;
				CLANG_WARN_DOCUMENTATION_COMMENTS = YES;
				CLANG_WARN_EMPTY_BODY = YES;
				CLANG_WARN_ENUM_CONVERSION = YES;
				CLANG_WARN_INFINITE_RECURSION = YES;
				CLANG_WARN_INT_CONVERSION = YES;
				CLANG_WARN_NON_LITERAL_NULL_CONVERSION = YES;
				CLANG_WARN_OBJC_IMPLICIT_RETAIN_SELF = YES;
				CLANG_WARN_OBJC_LITERAL_CONVERSION = YES;
				CLANG_WARN_OBJC_ROOT_CLASS = YES_ERROR;
				CLANG_WARN_QUOTED_INCLUDE_IN_FRAMEWORK_HEADER = YES;
				CLANG_WARN_RANGE_LOOP_ANALYSIS = YES;
				CLANG_WARN_STRICT_PROTOTYPES = YES;
				CLANG_WARN_SUSPICIOUS_MOVE = YES;
				CLANG_WARN_UNGUARDED_AVAILABILITY = YES_AGGRESSIVE;
				CLANG_WARN_UNREACHABLE_CODE = YES;
				CLANG_WARN__DUPLICATE_METHOD_MATCH = YES;
				COPY_PHASE_STRIP = NO;
				DEBUG_INFORMATION_FORMAT = "dwarf-with-dsym";
				ENABLE_NS_ASSERTIONS = NO;
				ENABLE_STRICT_OBJC_MSGSEND = YES;
				GCC_C_LANGUAGE_STANDARD = gnu11;
				GCC_NO_COMMON_BLOCKS = YES;
				GCC_WARN_64_TO_32_BIT_CONVERSION = YES;
				GCC_WARN_ABOUT_RETURN_TYPE = YES_ERROR;
				GCC_WARN_UNDECLARED_SELECTOR = YES;
				GCC_WARN_UNINITIALIZED_AUTOS = YES_AGGRESSIVE;
				GCC_WARN_UNUSED_FUNCTION = YES;
				GCC_WARN_UNUSED_VARIABLE = YES;
				MTL_ENABLE_DEBUG_INFO = NO;
				MTL_FAST_MATH = YES;
				SWIFT_COMPILATION_MODE = wholemodule;
				SWIFT_OPTIMIZATION_LEVEL = "-O";
			};
			name = Release;
		};
		23EE178524F2792E00D182D8 /* Debug */ = {
			isa = XCBuildConfiguration;
			buildSettings = {
				ASSETCATALOG_COMPILER_APPICON_NAME = AppIcon;
				ASSETCATALOG_COMPILER_GLOBAL_ACCENT_COLOR_NAME = AccentColor;
				CODE_SIGN_STYLE = Automatic;
				DEVELOPMENT_TEAM = 35X2XDKBD7;
				ENABLE_PREVIEWS = YES;
				INFOPLIST_FILE = iOS/Info.plist;
				IPHONEOS_DEPLOYMENT_TARGET = 14.0;
				LD_RUNPATH_SEARCH_PATHS = (
					"$(inherited)",
					"@executable_path/Frameworks",
				);
				PRODUCT_BUNDLE_IDENTIFIER = me.thanel.PixelPerfect;
				PRODUCT_NAME = PixelPerfect;
				SDKROOT = iphoneos;
				SWIFT_VERSION = 5.0;
				TARGETED_DEVICE_FAMILY = "1,2";
			};
			name = Debug;
		};
		23EE178624F2792E00D182D8 /* Release */ = {
			isa = XCBuildConfiguration;
			buildSettings = {
				ASSETCATALOG_COMPILER_APPICON_NAME = AppIcon;
				ASSETCATALOG_COMPILER_GLOBAL_ACCENT_COLOR_NAME = AccentColor;
				CODE_SIGN_STYLE = Automatic;
				DEVELOPMENT_TEAM = 35X2XDKBD7;
				ENABLE_PREVIEWS = YES;
				INFOPLIST_FILE = iOS/Info.plist;
				IPHONEOS_DEPLOYMENT_TARGET = 14.0;
				LD_RUNPATH_SEARCH_PATHS = (
					"$(inherited)",
					"@executable_path/Frameworks",
				);
				PRODUCT_BUNDLE_IDENTIFIER = me.thanel.PixelPerfect;
				PRODUCT_NAME = PixelPerfect;
				SDKROOT = iphoneos;
				SWIFT_VERSION = 5.0;
				TARGETED_DEVICE_FAMILY = "1,2";
				VALIDATE_PRODUCT = YES;
			};
			name = Release;
		};
/* End XCBuildConfiguration section */

/* Begin XCConfigurationList section */
		230E34FF250A349300404209 /* Build configuration list for PBXNativeTarget "SnapshotTests" */ = {
			isa = XCConfigurationList;
			buildConfigurations = (
				230E34FD250A349300404209 /* Debug */,
				230E34FE250A349300404209 /* Release */,
			);
			defaultConfigurationIsVisible = 0;
			defaultConfigurationName = Release;
		};
		23EE176724F2792D00D182D8 /* Build configuration list for PBXProject "PixelPerfect" */ = {
			isa = XCConfigurationList;
			buildConfigurations = (
				23EE178224F2792E00D182D8 /* Debug */,
				23EE178324F2792E00D182D8 /* Release */,
			);
			defaultConfigurationIsVisible = 0;
			defaultConfigurationName = Release;
		};
		23EE178424F2792E00D182D8 /* Build configuration list for PBXNativeTarget "PixelPerfect (iOS)" */ = {
			isa = XCConfigurationList;
			buildConfigurations = (
				23EE178524F2792E00D182D8 /* Debug */,
				23EE178624F2792E00D182D8 /* Release */,
			);
			defaultConfigurationIsVisible = 0;
			defaultConfigurationName = Release;
		};
/* End XCConfigurationList section */

/* Begin XCRemoteSwiftPackageReference section */
		230E3500250A359100404209 /* XCRemoteSwiftPackageReference "swift-snapshot-testing" */ = {
			isa = XCRemoteSwiftPackageReference;
			repositoryURL = "https://github.com/pointfreeco/swift-snapshot-testing";
			requirement = {
				kind = upToNextMajorVersion;
				minimumVersion = 1.8.2;
			};
		};
		68C5BCBF22A01629B208414F /* XCRemoteSwiftPackageReference "JoinedText" */ = {
			isa = XCRemoteSwiftPackageReference;
			repositoryURL = "https://github.com/Tunous/JoinedText";
			requirement = {
				kind = upToNextMajorVersion;
				minimumVersion = 0.1.0;
			};
		};
/* End XCRemoteSwiftPackageReference section */

/* Begin XCSwiftPackageProductDependency section */
		230E3501250A359100404209 /* SnapshotTesting */ = {
			isa = XCSwiftPackageProductDependency;
			package = 230E3500250A359100404209 /* XCRemoteSwiftPackageReference "swift-snapshot-testing" */;
			productName = SnapshotTesting;
		};
		234033FF2529E3A2009ED17D /* WateringPlantApp */ = {
			isa = XCSwiftPackageProductDependency;
			productName = WateringPlantApp;
		};
		2340342F2529E684009ED17D /* GoodreadsApp */ = {
			isa = XCSwiftPackageProductDependency;
			productName = GoodreadsApp;
		};
		234034382529E6F1009ED17D /* SimpleWeatherApp */ = {
			isa = XCSwiftPackageProductDependency;
			productName = SimpleWeatherApp;
		};
		7709B7D68C93726308B3B57A /* JoinedText */ = {
			isa = XCSwiftPackageProductDependency;
			package = 68C5BCBF22A01629B208414F /* XCRemoteSwiftPackageReference "JoinedText" */;
			productName = JoinedText;
		};
/* End XCSwiftPackageProductDependency section */
	};
	rootObject = 23EE176424F2792D00D182D8 /* Project object */;
}
