{
  "object": {
    "pins": [
      {
        "package": "JoinedText",
        "repositoryURL": "https://github.com/Tunous/JoinedText",
        "state": {
          "branch": null,
          "revision": "479f42b1a5daeda1ceeb45dd81d6346df1c5ea7b",
          "version": "0.1.0"
        }
      },
      {
        "package": "SnapshotTesting",
        "repositoryURL": "https://github.com/pointfreeco/swift-snapshot-testing",
        "state": {
          "branch": null,
          "revision": "c466812aa2e22898f27557e2e780d3aad7a27203",
          "version": "1.8.2"
        }
      }
    ]
  },
  "version": 1
}
